
Microsoft Visual Studio Solution File, Format Version 11.00
# Visual Studio 2010
Project("{FAE04EC0-301F-11D3-BF4B-00C04F79EFBC}") = "MarsRover.Tests", "MarsRover.Tests\MarsRover.Tests.csproj", "{CEB2938E-07BF-4C48-B728-FECEB4D84723}"
EndProject
Global
	GlobalSection(SolutionConfigurationPlatforms) = preSolution
		Debug|Any CPU = Debug|Any CPU
		Release|Any CPU = Release|Any CPU
	EndGlobalSection
	GlobalSection(ProjectConfigurationPlatforms) = postSolution
		{CEB2938E-07BF-4C48-B728-FECEB4D84723}.Debug|Any CPU.ActiveCfg = Debug|Any CPU
		{CEB2938E-07BF-4C48-B728-FECEB4D84723}.Debug|Any CPU.Build.0 = Debug|Any CPU
		{CEB2938E-07BF-4C48-B728-FECEB4D84723}.Release|Any CPU.ActiveCfg = Release|Any CPU
		{CEB2938E-07BF-4C48-B728-FECEB4D84723}.Release|Any CPU.Build.0 = Release|Any CPU
	EndGlobalSection
	GlobalSection(SolutionProperties) = preSolution
		HideSolutionNode = FALSE
	EndGlobalSection
EndGlobal
